{
  "version": 4,
  "terraform_version": "1.2.8",
  "serial": 35,
  "lineage": "6bd5adb6-147e-0e12-b26a-c9029272e8df",
  "outputs": {},
  "resources": [
    {
      "mode": "data",
      "type": "azurerm_subnet",
      "name": "appgw",
      "provider": "provider[\"registry.terraform.io/hashicorp/azurerm\"]",
      "instances": [
        {
          "schema_version": 0,
          "attributes": {
            "address_prefix": "10.100.5.0/24",
            "address_prefixes": [
              "10.100.5.0/24"
            ],
            "default_outbound_access_enabled": true,
            "enforce_private_link_endpoint_network_policies": false,
            "enforce_private_link_service_network_policies": false,
            "id": "/subscriptions/ca97a08a-9992-4573-9009-1b048ef26759/resourceGroups/azure-n-tier/providers/Microsoft.Network/virtualNetworks/cloud-engg-project1/subnets/app-gw",
            "name": "app-gw",
            "network_security_group_id": "",
            "private_endpoint_network_policies": "Enabled",
            "private_endpoint_network_policies_enabled": true,
            "private_link_service_network_policies_enabled": true,
            "resource_group_name": "azure-n-tier",
            "route_table_id": "",
            "service_endpoints": [],
            "timeouts": null,
            "virtual_network_name": "cloud-engg-project1"
          },
          "sensitive_attributes": []
        }
      ]
    },
    {
      "mode": "data",
      "type": "azurerm_subnet",
      "name": "web",
      "provider": "provider[\"registry.terraform.io/hashicorp/azurerm\"]",
      "instances": [
        {
          "schema_version": 0,
          "attributes": {
            "address_prefix": "10.100.0.0/24",
            "address_prefixes": [
              "10.100.0.0/24"
            ],
            "default_outbound_access_enabled": true,
            "enforce_private_link_endpoint_network_policies": false,
            "enforce_private_link_service_network_policies": false,
            "id": "/subscriptions/ca97a08a-9992-4573-9009-1b048ef26759/resourceGroups/azure-n-tier/providers/Microsoft.Network/virtualNetworks/cloud-engg-project1/subnets/Web",
            "name": "Web",
            "network_security_group_id": "/subscriptions/ca97a08a-9992-4573-9009-1b048ef26759/resourceGroups/azure-n-tier/providers/Microsoft.Network/networkSecurityGroups/Web",
            "private_endpoint_network_policies": "Enabled",
            "private_endpoint_network_policies_enabled": true,
            "private_link_service_network_policies_enabled": true,
            "resource_group_name": "azure-n-tier",
            "route_table_id": "",
            "service_endpoints": [],
            "timeouts": null,
            "virtual_network_name": "cloud-engg-project1"
          },
          "sensitive_attributes": []
        }
      ]
    },
    {
      "mode": "data",
      "type": "azurerm_virtual_network",
      "name": "vnet",
      "provider": "provider[\"registry.terraform.io/hashicorp/azurerm\"]",
      "instances": [
        {
          "schema_version": 0,
          "attributes": {
            "address_space": [
              "10.100.0.0/16"
            ],
            "dns_servers": [],
            "guid": "8e254dce-c591-438e-b306-ee0e4fa66f25",
            "id": "/subscriptions/ca97a08a-9992-4573-9009-1b048ef26759/resourceGroups/azure-n-tier/providers/Microsoft.Network/virtualNetworks/cloud-engg-project1",
            "location": "australiaeast",
            "name": "cloud-engg-project1",
            "resource_group_name": "azure-n-tier",
            "subnets": [
              "App-GW",
              "DB",
              "Web",
              "App"
            ],
            "tags": {},
            "timeouts": null,
            "vnet_peerings": {},
            "vnet_peerings_addresses": []
          },
          "sensitive_attributes": []
        }
      ]
    },
    {
      "mode": "managed",
      "type": "azurerm_linux_web_app",
      "name": "app",
      "provider": "provider[\"registry.terraform.io/hashicorp/azurerm\"]",
      "instances": [
        {
          "schema_version": 1,
          "attributes": {
            "app_settings": {
              "WEBSITE_RUN_FROM_PACKAGE": "https://github.com/Azure-Samples/nodejs-docs-hello-world/releases/latest/download/nodejs-docs-hello-world.zip"
            },
            "auth_settings": [],
            "auth_settings_v2": [],
            "backup": [],
            "client_affinity_enabled": false,
            "client_certificate_enabled": false,
            "client_certificate_exclusion_paths": "",
            "client_certificate_mode": "Required",
            "connection_string": [],
            "custom_domain_verification_id": "DD49309EE57FE83B12C7B6216EEAA7F7D08709AF71F5DC00F9497CD876D4213D",
            "default_hostname": "mysamplewebpage1234.azurewebsites.net",
            "enabled": true,
            "ftp_publish_basic_authentication_enabled": true,
            "hosting_environment_id": "",
            "https_only": false,
            "id": "/subscriptions/ca97a08a-9992-4573-9009-1b048ef26759/resourceGroups/azure-n-tier/providers/Microsoft.Web/sites/mysamplewebpage1234",
            "identity": [],
            "key_vault_reference_identity_id": "SystemAssigned",
            "kind": "app,linux",
            "location": "australiaeast",
            "logs": [],
            "name": "mysamplewebpage1234",
            "outbound_ip_address_list": [
              "20.53.110.196",
              "20.53.110.234",
              "20.53.88.173",
              "20.53.91.31",
              "20.53.94.86",
              "20.53.90.118",
              "20.211.64.8"
            ],
            "outbound_ip_addresses": "20.53.110.196,20.53.110.234,20.53.88.173,20.53.91.31,20.53.94.86,20.53.90.118,20.211.64.8",
            "possible_outbound_ip_address_list": [
              "20.53.110.196",
              "20.53.110.234",
              "20.53.88.173",
              "20.53.91.31",
              "20.53.94.86",
              "20.53.90.118",
              "20.53.91.66",
              "20.53.95.29",
              "20.53.95.50",
              "20.53.95.199",
              "20.53.75.208",
              "20.53.76.197",
              "20.53.77.2",
              "20.53.111.172",
              "20.53.79.21",
              "20.53.105.197",
              "20.53.138.25",
              "20.53.138.103",
              "20.53.138.119",
              "20.53.138.219",
              "20.193.40.19",
              "20.193.16.254",
              "20.53.79.239",
              "20.53.109.2",
              "20.211.64.8"
            ],
            "possible_outbound_ip_addresses": "20.53.110.196,20.53.110.234,20.53.88.173,20.53.91.31,20.53.94.86,20.53.90.118,20.53.91.66,20.53.95.29,20.53.95.50,20.53.95.199,20.53.75.208,20.53.76.197,20.53.77.2,20.53.111.172,20.53.79.21,20.53.105.197,20.53.138.25,20.53.138.103,20.53.138.119,20.53.138.219,20.193.40.19,20.193.16.254,20.53.79.239,20.53.109.2,20.211.64.8",
            "public_network_access_enabled": false,
            "resource_group_name": "azure-n-tier",
            "service_plan_id": "/subscriptions/ca97a08a-9992-4573-9009-1b048ef26759/resourceGroups/azure-n-tier/providers/Microsoft.Web/serverFarms/webapp-plan",
            "site_config": [
              {
                "always_on": true,
                "api_definition_url": "",
                "api_management_api_id": "",
                "app_command_line": "",
                "application_stack": [
                  {
                    "docker_image": "",
                    "docker_image_name": "",
                    "docker_image_tag": "",
                    "docker_registry_password": "",
                    "docker_registry_url": "",
                    "docker_registry_username": "",
                    "dotnet_version": "",
                    "go_version": "",
                    "java_server": "",
                    "java_server_version": "",
                    "java_version": "",
                    "node_version": "18-lts",
                    "php_version": "",
                    "python_version": "",
                    "ruby_version": ""
                  }
                ],
                "auto_heal_enabled": false,
                "auto_heal_setting": [],
                "container_registry_managed_identity_client_id": "",
                "container_registry_use_managed_identity": false,
                "cors": [],
                "default_documents": [
                  "Default.htm",
                  "Default.html",
                  "Default.asp",
                  "index.htm",
                  "index.html",
                  "iisstart.htm",
                  "default.aspx",
                  "index.php",
                  "hostingstart.html"
                ],
                "detailed_error_logging_enabled": false,
                "ftps_state": "Disabled",
                "health_check_eviction_time_in_min": 0,
                "health_check_path": "",
                "http2_enabled": false,
                "ip_restriction": [],
                "ip_restriction_default_action": "Allow",
                "linux_fx_version": "NODE|18-lts",
                "load_balancing_mode": "LeastRequests",
                "local_mysql_enabled": false,
                "managed_pipeline_mode": "Integrated",
                "minimum_tls_version": "1.2",
                "remote_debugging_enabled": false,
                "remote_debugging_version": "VS2022",
                "scm_ip_restriction": [],
                "scm_ip_restriction_default_action": "Allow",
                "scm_minimum_tls_version": "1.2",
                "scm_type": "None",
                "scm_use_main_ip_restriction": false,
                "use_32_bit_worker": true,
                "vnet_route_all_enabled": false,
                "websockets_enabled": false,
                "worker_count": 1
              }
            ],
            "site_credential": [
              {
                "name": "$mysamplewebpage1234",
                "password": "sCfvz6hJ20kcAtka0dREtPygDETFhZNQXAiMNbv5eBxXx2auAGAkwmDE7fDo"
              }
            ],
            "sticky_settings": [],
            "storage_account": [],
            "tags": {},
            "timeouts": null,
            "virtual_network_subnet_id": "",
            "webdeploy_publish_basic_authentication_enabled": true,
            "zip_deploy_file": ""
          },
          "sensitive_attributes": [],
          "private": "eyJlMmJmYjczMC1lY2FhLTExZTYtOGY4OC0zNDM2M2JjN2M0YzAiOnsiY3JlYXRlIjoxODAwMDAwMDAwMDAwLCJkZWxldGUiOjE4MDAwMDAwMDAwMDAsInJlYWQiOjMwMDAwMDAwMDAwMCwidXBkYXRlIjoxODAwMDAwMDAwMDAwfSwic2NoZW1hX3ZlcnNpb24iOiIxIn0=",
          "dependencies": [
            "azurerm_service_plan.plan"
          ]
        }
      ]
    },
    {
      "mode": "managed",
      "type": "azurerm_private_endpoint",
      "name": "pe",
      "provider": "provider[\"registry.terraform.io/hashicorp/azurerm\"]",
      "instances": [
        {
          "schema_version": 0,
          "attributes": {
            "custom_dns_configs": [
              {
                "fqdn": "mysamplewebpage1234.azurewebsites.net",
                "ip_addresses": [
                  "10.100.0.4"
                ]
              },
              {
                "fqdn": "mysamplewebpage1234.scm.azurewebsites.net",
                "ip_addresses": [
                  "10.100.0.4"
                ]
              }
            ],
            "custom_network_interface_name": "",
            "id": "/subscriptions/ca97a08a-9992-4573-9009-1b048ef26759/resourceGroups/azure-n-tier/providers/Microsoft.Network/privateEndpoints/pe-webapp",
            "ip_configuration": [],
            "location": "australiaeast",
            "name": "pe-webapp",
            "network_interface": [
              {
                "id": "/subscriptions/ca97a08a-9992-4573-9009-1b048ef26759/resourceGroups/azure-n-tier/providers/Microsoft.Network/networkInterfaces/pe-webapp.nic.48fa2014-8ca9-47e4-963a-f6c4061ecdb4",
                "name": "pe-webapp.nic.48fa2014-8ca9-47e4-963a-f6c4061ecdb4"
              }
            ],
            "private_dns_zone_configs": [],
            "private_dns_zone_group": [],
            "private_service_connection": [
              {
                "is_manual_connection": false,
                "name": "psc-webapp",
                "private_connection_resource_alias": "",
                "private_connection_resource_id": "/subscriptions/ca97a08a-9992-4573-9009-1b048ef26759/resourceGroups/azure-n-tier/providers/Microsoft.Web/sites/mysamplewebpage1234",
                "private_ip_address": "10.100.0.4",
                "request_message": "",
                "subresource_names": [
                  "sites"
                ]
              }
            ],
            "resource_group_name": "azure-n-tier",
            "subnet_id": "/subscriptions/ca97a08a-9992-4573-9009-1b048ef26759/resourceGroups/azure-n-tier/providers/Microsoft.Network/virtualNetworks/cloud-engg-project1/subnets/Web",
            "tags": null,
            "timeouts": null
          },
          "sensitive_attributes": [],
          "private": "eyJlMmJmYjczMC1lY2FhLTExZTYtOGY4OC0zNDM2M2JjN2M0YzAiOnsiY3JlYXRlIjozNjAwMDAwMDAwMDAwLCJkZWxldGUiOjM2MDAwMDAwMDAwMDAsInJlYWQiOjMwMDAwMDAwMDAwMCwidXBkYXRlIjozNjAwMDAwMDAwMDAwfX0=",
          "dependencies": [
            "azurerm_linux_web_app.app",
            "data.azurerm_subnet.web"
          ]
        }
      ]
    },
    {
      "mode": "managed",
      "type": "azurerm_service_plan",
      "name": "plan",
      "provider": "provider[\"registry.terraform.io/hashicorp/azurerm\"]",
      "instances": [
        {
          "schema_version": 1,
          "attributes": {
            "app_service_environment_id": "",
            "id": "/subscriptions/ca97a08a-9992-4573-9009-1b048ef26759/resourceGroups/azure-n-tier/providers/Microsoft.Web/serverFarms/webapp-plan",
            "kind": "linux",
            "location": "australiaeast",
            "maximum_elastic_worker_count": 1,
            "name": "webapp-plan",
            "os_type": "Linux",
            "per_site_scaling_enabled": false,
            "reserved": true,
            "resource_group_name": "azure-n-tier",
            "sku_name": "S1",
            "tags": {},
            "timeouts": null,
            "worker_count": 1,
            "zone_balancing_enabled": false
          },
          "sensitive_attributes": [],
          "private": "eyJlMmJmYjczMC1lY2FhLTExZTYtOGY4OC0zNDM2M2JjN2M0YzAiOnsiY3JlYXRlIjozNjAwMDAwMDAwMDAwLCJkZWxldGUiOjM2MDAwMDAwMDAwMDAsInJlYWQiOjMwMDAwMDAwMDAwMCwidXBkYXRlIjozNjAwMDAwMDAwMDAwfSwic2NoZW1hX3ZlcnNpb24iOiIxIn0="
        }
      ]
    },
    {
      "module": "module.app_gateway",
      "mode": "managed",
      "type": "azurerm_application_gateway",
      "name": "this",
      "provider": "provider[\"registry.terraform.io/hashicorp/azurerm\"]",
      "instances": [
        {
          "schema_version": 0,
          "attributes": {
            "authentication_certificate": [],
            "autoscale_configuration": [],
            "backend_address_pool": [
              {
                "fqdns": [],
                "id": "/subscriptions/ca97a08a-9992-4573-9009-1b048ef26759/resourceGroups/azure-n-tier/providers/Microsoft.Network/applicationGateways/appgw/backendAddressPools/backend-pool",
                "ip_addresses": [
                  "10.100.0.4"
                ],
                "name": "backend-pool"
              }
            ],
            "backend_http_settings": [
              {
                "affinity_cookie_name": "",
                "authentication_certificate": [],
                "connection_draining": [],
                "cookie_based_affinity": "Disabled",
                "host_name": "mysamplewebpage1234.azurewebsites.net",
                "id": "/subscriptions/ca97a08a-9992-4573-9009-1b048ef26759/resourceGroups/azure-n-tier/providers/Microsoft.Network/applicationGateways/appgw/backendHttpSettingsCollection/http-settings",
                "name": "http-settings",
                "path": "",
                "pick_host_name_from_backend_address": false,
                "port": 80,
                "probe_id": "/subscriptions/ca97a08a-9992-4573-9009-1b048ef26759/resourceGroups/azure-n-tier/providers/Microsoft.Network/applicationGateways/appgw/probes/webapp-probe",
                "probe_name": "webapp-probe",
                "protocol": "Http",
                "request_timeout": 30,
                "trusted_root_certificate_names": []
              }
            ],
            "custom_error_configuration": [],
            "enable_http2": false,
            "fips_enabled": false,
            "firewall_policy_id": "",
            "force_firewall_policy_association": false,
            "frontend_ip_configuration": [
              {
                "id": "/subscriptions/ca97a08a-9992-4573-9009-1b048ef26759/resourceGroups/azure-n-tier/providers/Microsoft.Network/applicationGateways/appgw/frontendIPConfigurations/frontend-ip",
                "name": "frontend-ip",
                "private_ip_address": "",
                "private_ip_address_allocation": "Dynamic",
                "private_link_configuration_id": "",
                "private_link_configuration_name": "",
                "public_ip_address_id": "/subscriptions/ca97a08a-9992-4573-9009-1b048ef26759/resourceGroups/azure-n-tier/providers/Microsoft.Network/publicIPAddresses/appgw-pip",
                "subnet_id": ""
              }
            ],
            "frontend_port": [
              {
                "id": "/subscriptions/ca97a08a-9992-4573-9009-1b048ef26759/resourceGroups/azure-n-tier/providers/Microsoft.Network/applicationGateways/appgw/frontendPorts/frontend-port",
                "name": "frontend-port",
                "port": 80
              }
            ],
            "gateway_ip_configuration": [
              {
                "id": "/subscriptions/ca97a08a-9992-4573-9009-1b048ef26759/resourceGroups/azure-n-tier/providers/Microsoft.Network/applicationGateways/appgw/gatewayIPConfigurations/gw-ip",
                "name": "gw-ip",
                "subnet_id": "/subscriptions/ca97a08a-9992-4573-9009-1b048ef26759/resourceGroups/azure-n-tier/providers/Microsoft.Network/virtualNetworks/cloud-engg-project1/subnets/App-GW"
              }
            ],
            "global": [],
            "http_listener": [
              {
                "custom_error_configuration": [],
                "firewall_policy_id": "",
                "frontend_ip_configuration_id": "/subscriptions/ca97a08a-9992-4573-9009-1b048ef26759/resourceGroups/azure-n-tier/providers/Microsoft.Network/applicationGateways/appgw/frontendIPConfigurations/frontend-ip",
                "frontend_ip_configuration_name": "frontend-ip",
                "frontend_port_id": "/subscriptions/ca97a08a-9992-4573-9009-1b048ef26759/resourceGroups/azure-n-tier/providers/Microsoft.Network/applicationGateways/appgw/frontendPorts/frontend-port",
                "frontend_port_name": "frontend-port",
                "host_name": "",
                "host_names": [],
                "id": "/subscriptions/ca97a08a-9992-4573-9009-1b048ef26759/resourceGroups/azure-n-tier/providers/Microsoft.Network/applicationGateways/appgw/httpListeners/http-listener",
                "name": "http-listener",
                "protocol": "Http",
                "require_sni": false,
                "ssl_certificate_id": "",
                "ssl_certificate_name": "",
                "ssl_profile_id": "",
                "ssl_profile_name": ""
              }
            ],
            "id": "/subscriptions/ca97a08a-9992-4573-9009-1b048ef26759/resourceGroups/azure-n-tier/providers/Microsoft.Network/applicationGateways/appgw",
            "identity": [],
            "location": "australiaeast",
            "name": "appgw",
            "private_endpoint_connection": [],
            "private_link_configuration": [],
            "probe": [
              {
                "host": "mysamplewebpage1234.azurewebsites.net",
                "id": "/subscriptions/ca97a08a-9992-4573-9009-1b048ef26759/resourceGroups/azure-n-tier/providers/Microsoft.Network/applicationGateways/appgw/probes/webapp-probe",
                "interval": 30,
                "match": [
                  {
                    "body": "",
                    "status_code": [
                      "200-399"
                    ]
                  }
                ],
                "minimum_servers": 0,
                "name": "webapp-probe",
                "path": "/",
                "pick_host_name_from_backend_http_settings": false,
                "port": 0,
                "protocol": "Http",
                "timeout": 30,
                "unhealthy_threshold": 3
              }
            ],
            "redirect_configuration": [],
            "request_routing_rule": [
              {
                "backend_address_pool_id": "/subscriptions/ca97a08a-9992-4573-9009-1b048ef26759/resourceGroups/azure-n-tier/providers/Microsoft.Network/applicationGateways/appgw/backendAddressPools/backend-pool",
                "backend_address_pool_name": "backend-pool",
                "backend_http_settings_id": "/subscriptions/ca97a08a-9992-4573-9009-1b048ef26759/resourceGroups/azure-n-tier/providers/Microsoft.Network/applicationGateways/appgw/backendHttpSettingsCollection/http-settings",
                "backend_http_settings_name": "http-settings",
                "http_listener_id": "/subscriptions/ca97a08a-9992-4573-9009-1b048ef26759/resourceGroups/azure-n-tier/providers/Microsoft.Network/applicationGateways/appgw/httpListeners/http-listener",
                "http_listener_name": "http-listener",
                "id": "/subscriptions/ca97a08a-9992-4573-9009-1b048ef26759/resourceGroups/azure-n-tier/providers/Microsoft.Network/applicationGateways/appgw/requestRoutingRules/routing-rule",
                "name": "routing-rule",
                "priority": 100,
                "redirect_configuration_id": "",
                "redirect_configuration_name": "",
                "rewrite_rule_set_id": "",
                "rewrite_rule_set_name": "",
                "rule_type": "Basic",
                "url_path_map_id": "",
                "url_path_map_name": ""
              }
            ],
            "resource_group_name": "azure-n-tier",
            "rewrite_rule_set": [],
            "sku": [
              {
                "capacity": 2,
                "name": "Standard_v2",
                "tier": "Standard_v2"
              }
            ],
            "ssl_certificate": [],
            "ssl_policy": [
              {
                "cipher_suites": [],
                "disabled_protocols": [],
                "min_protocol_version": "",
                "policy_name": "AppGwSslPolicy20150501",
                "policy_type": "Predefined"
              }
            ],
            "ssl_profile": [],
            "tags": {},
            "timeouts": null,
            "trusted_client_certificate": [],
            "trusted_root_certificate": [],
            "url_path_map": [],
            "waf_configuration": [],
            "zones": []
          },
          "sensitive_attributes": [],
          "private": "eyJlMmJmYjczMC1lY2FhLTExZTYtOGY4OC0zNDM2M2JjN2M0YzAiOnsiY3JlYXRlIjo1NDAwMDAwMDAwMDAwLCJkZWxldGUiOjU0MDAwMDAwMDAwMDAsInJlYWQiOjMwMDAwMDAwMDAwMCwidXBkYXRlIjo1NDAwMDAwMDAwMDAwfX0=",
          "dependencies": [
            "azurerm_linux_web_app.app",
            "azurerm_private_endpoint.pe",
            "data.azurerm_subnet.appgw",
            "data.azurerm_subnet.web",
            "module.app_gateway.azurerm_public_ip.pip"
          ]
        }
      ]
    },
    {
      "module": "module.app_gateway",
      "mode": "managed",
      "type": "azurerm_public_ip",
      "name": "pip",
      "provider": "provider[\"registry.terraform.io/hashicorp/azurerm\"]",
      "instances": [
        {
          "schema_version": 0,
          "attributes": {
            "allocation_method": "Static",
            "ddos_protection_mode": "VirtualNetworkInherited",
            "ddos_protection_plan_id": null,
            "domain_name_label": null,
            "edge_zone": "",
            "fqdn": null,
            "id": "/subscriptions/ca97a08a-9992-4573-9009-1b048ef26759/resourceGroups/azure-n-tier/providers/Microsoft.Network/publicIPAddresses/appgw-pip",
            "idle_timeout_in_minutes": 4,
            "ip_address": "68.218.59.231",
            "ip_tags": {},
            "ip_version": "IPv4",
            "location": "australiaeast",
            "name": "appgw-pip",
            "public_ip_prefix_id": null,
            "resource_group_name": "azure-n-tier",
            "reverse_fqdn": null,
            "sku": "Standard",
            "sku_tier": "Regional",
            "tags": {},
            "timeouts": null,
            "zones": []
          },
          "sensitive_attributes": [],
          "private": "eyJlMmJmYjczMC1lY2FhLTExZTYtOGY4OC0zNDM2M2JjN2M0YzAiOnsiY3JlYXRlIjoxODAwMDAwMDAwMDAwLCJkZWxldGUiOjE4MDAwMDAwMDAwMDAsInJlYWQiOjMwMDAwMDAwMDAwMCwidXBkYXRlIjoxODAwMDAwMDAwMDAwfX0="
        }
      ]
    }
  ]
}
